// !$*UTF8*$!
{
	archiveVersion = 1;
	classes = {
	};
	objectVersion = 46;
	objects = {

/* Begin PBXBuildFile section */
		9C74838819BA336B00F18E17 /* Icon-76.png in Resources */ = {isa = PBXBuildFile; fileRef = 9C74838219BA336B00F18E17 /* Icon-76.png */; };
		9C74838919BA336B00F18E17 /* Icon-76@2x.png in Resources */ = {isa = PBXBuildFile; fileRef = 9C74838319BA336B00F18E17 /* Icon-76@2x.png */; };
		9C74838A19BA336B00F18E17 /* Icon-Small.png in Resources */ = {isa = PBXBuildFile; fileRef = 9C74838419BA336B00F18E17 /* Icon-Small.png */; };
		9C74838B19BA336B00F18E17 /* Icon-Small@2x.png in Resources */ = {isa = PBXBuildFile; fileRef = 9C74838519BA336B00F18E17 /* Icon-Small@2x.png */; };
		9C74838C19BA336B00F18E17 /* icon.png in Resources */ = {isa = PBXBuildFile; fileRef = 9C74838619BA336B00F18E17 /* icon.png */; };
		9C74838D19BA336B00F18E17 /* icon@2x.png in Resources */ = {isa = PBXBuildFile; fileRef = 9C74838719BA336B00F18E17 /* icon@2x.png */; };
		9C74839719BA35C000F18E17 /* Icon-40.png in Resources */ = {isa = PBXBuildFile; fileRef = 9C74839619BA35C000F18E17 /* Icon-40.png */; };
		9C74839B19BA376800F18E17 /* Icon-60.png in Resources */ = {isa = PBXBuildFile; fileRef = 9C74839A19BA376800F18E17 /* Icon-60.png */; };
		9C74839D19BA376E00F18E17 /* Icon-60@2x.png in Resources */ = {isa = PBXBuildFile; fileRef = 9C74839C19BA376E00F18E17 /* Icon-60@2x.png */; };
		9C74839F19BA378100F18E17 /* Icon-80.png in Resources */ = {isa = PBXBuildFile; fileRef = 9C74839E19BA378100F18E17 /* Icon-80.png */; };
		9C8C739919D138BD007482B1 /* Default-568h@2x.png in Resources */ = {isa = PBXBuildFile; fileRef = 9C8C739519D138BD007482B1 /* Default-568h@2x.png */; };
		9C8C739A19D138BD007482B1 /* Default-Portrait.png in Resources */ = {isa = PBXBuildFile; fileRef = 9C8C739619D138BD007482B1 /* Default-Portrait.png */; };
		9C8C739B19D138BD007482B1 /* Default.png in Resources */ = {isa = PBXBuildFile; fileRef = 9C8C739719D138BD007482B1 /* Default.png */; };
		9C8C739C19D138BD007482B1 /* Default@2x.png in Resources */ = {isa = PBXBuildFile; fileRef = 9C8C739819D138BD007482B1 /* Default@2x.png */; };
		9CB2399319B5F41800F3033A /* Foundation.framework in Frameworks */ = {isa = PBXBuildFile; fileRef = 9CB2399219B5F41800F3033A /* Foundation.framework */; };
		9CB2399519B5F41800F3033A /* CoreGraphics.framework in Frameworks */ = {isa = PBXBuildFile; fileRef = 9CB2399419B5F41800F3033A /* CoreGraphics.framework */; };
		9CB2399719B5F41800F3033A /* UIKit.framework in Frameworks */ = {isa = PBXBuildFile; fileRef = 9CB2399619B5F41800F3033A /* UIKit.framework */; };
		9CB2399D19B5F41800F3033A /* InfoPlist.strings in Resources */ = {isa = PBXBuildFile; fileRef = 9CB2399B19B5F41800F3033A /* InfoPlist.strings */; };
		9CB2399F19B5F41800F3033A /* main.m in Sources */ = {isa = PBXBuildFile; fileRef = 9CB2399E19B5F41800F3033A /* main.m */; };
		9CB239A319B5F41800F3033A /* AppDelegate.m in Sources */ = {isa = PBXBuildFile; fileRef = 9CB239A219B5F41800F3033A /* AppDelegate.m */; };
		9CB239A519B5F41800F3033A /* Images.xcassets in Resources */ = {isa = PBXBuildFile; fileRef = 9CB239A419B5F41800F3033A /* Images.xcassets */; };
		9CB239AC19B5F41800F3033A /* XCTest.framework in Frameworks */ = {isa = PBXBuildFile; fileRef = 9CB239AB19B5F41800F3033A /* XCTest.framework */; };
		9CB239AD19B5F41800F3033A /* Foundation.framework in Frameworks */ = {isa = PBXBuildFile; fileRef = 9CB2399219B5F41800F3033A /* Foundation.framework */; };
		9CB239AE19B5F41800F3033A /* UIKit.framework in Frameworks */ = {isa = PBXBuildFile; fileRef = 9CB2399619B5F41800F3033A /* UIKit.framework */; };
		9CB239CB19B5F78500F3033A /* HomeViewController.m in Sources */ = {isa = PBXBuildFile; fileRef = 9CB239C919B5F78500F3033A /* HomeViewController.m */; };
		9CB239CC19B5F78500F3033A /* HomeViewController.xib in Resources */ = {isa = PBXBuildFile; fileRef = 9CB239CA19B5F78500F3033A /* HomeViewController.xib */; };
		9CB239DA19B6093A00F3033A /* MBProgressHUD.m in Sources */ = {isa = PBXBuildFile; fileRef = 9CB239D919B6093A00F3033A /* MBProgressHUD.m */; };
		9CB239DE19B60BAD00F3033A /* NetworkService.m in Sources */ = {isa = PBXBuildFile; fileRef = 9CB239DD19B60BAD00F3033A /* NetworkService.m */; settings = {COMPILER_FLAGS = "-fno-objc-arc"; }; };
		9CB239E119B60BBA00F3033A /* Reachability.m in Sources */ = {isa = PBXBuildFile; fileRef = 9CB239E019B60BBA00F3033A /* Reachability.m */; settings = {COMPILER_FLAGS = "-fno-objc-arc"; }; };
		9CB239E319B6133600F3033A /* bg.png in Resources */ = {isa = PBXBuildFile; fileRef = 9CB239E219B6133600F3033A /* bg.png */; };
/* End PBXBuildFile section */

/* Begin PBXContainerItemProxy section */
		9CB239AF19B5F41800F3033A /* PBXContainerItemProxy */ = {
			isa = PBXContainerItemProxy;
			containerPortal = 9CB2398719B5F41800F3033A /* Project object */;
			proxyType = 1;
			remoteGlobalIDString = 9CB2398E19B5F41800F3033A;
			remoteInfo = demowaqme;
		};
/* End PBXContainerItemProxy section */

/* Begin PBXFileReference section */
		9C74838219BA336B00F18E17 /* Icon-76.png */ = {isa = PBXFileReference; lastKnownFileType = image.png; path = "Icon-76.png"; sourceTree = "<group>"; };
		9C74838319BA336B00F18E17 /* Icon-76@2x.png */ = {isa = PBXFileReference; lastKnownFileType = image.png; path = "Icon-76@2x.png"; sourceTree = "<group>"; };
		9C74838419BA336B00F18E17 /* Icon-Small.png */ = {isa = PBXFileReference; lastKnownFileType = image.png; path = "Icon-Small.png"; sourceTree = "<group>"; };
		9C74838519BA336B00F18E17 /* Icon-Small@2x.png */ = {isa = PBXFileReference; lastKnownFileType = image.png; path = "Icon-Small@2x.png"; sourceTree = "<group>"; };
		9C74838619BA336B00F18E17 /* icon.png */ = {isa = PBXFileReference; lastKnownFileType = image.png; path = icon.png; sourceTree = "<group>"; };
		9C74838719BA336B00F18E17 /* icon@2x.png */ = {isa = PBXFileReference; lastKnownFileType = image.png; path = "icon@2x.png"; sourceTree = "<group>"; };
		9C74839619BA35C000F18E17 /* Icon-40.png */ = {isa = PBXFileReference; lastKnownFileType = image.png; path = "Icon-40.png"; sourceTree = "<group>"; };
		9C74839A19BA376800F18E17 /* Icon-60.png */ = {isa = PBXFileReference; lastKnownFileType = image.png; path = "Icon-60.png"; sourceTree = "<group>"; };
		9C74839C19BA376E00F18E17 /* Icon-60@2x.png */ = {isa = PBXFileReference; lastKnownFileType = image.png; path = "Icon-60@2x.png"; sourceTree = "<group>"; };
		9C74839E19BA378100F18E17 /* Icon-80.png */ = {isa = PBXFileReference; lastKnownFileType = image.png; path = "Icon-80.png"; sourceTree = "<group>"; };
		9C8C739519D138BD007482B1 /* Default-568h@2x.png */ = {isa = PBXFileReference; lastKnownFileType = image.png; path = "Default-568h@2x.png"; sourceTree = "<group>"; };
		9C8C739619D138BD007482B1 /* Default-Portrait.png */ = {isa = PBXFileReference; lastKnownFileType = image.png; path = "Default-Portrait.png"; sourceTree = "<group>"; };
		9C8C739719D138BD007482B1 /* Default.png */ = {isa = PBXFileReference; lastKnownFileType = image.png; path = Default.png; sourceTree = "<group>"; };
		9C8C739819D138BD007482B1 /* Default@2x.png */ = {isa = PBXFileReference; lastKnownFileType = image.png; path = "Default@2x.png"; sourceTree = "<group>"; };
		9CB2398F19B5F41800F3033A /* demowaqme.app */ = {isa = PBXFileReference; explicitFileType = wrapper.application; includeInIndex = 0; path = demowaqme.app; sourceTree = BUILT_PRODUCTS_DIR; };
		9CB2399219B5F41800F3033A /* Foundation.framework */ = {isa = PBXFileReference; lastKnownFileType = wrapper.framework; name = Foundation.framework; path = System/Library/Frameworks/Foundation.framework; sourceTree = SDKROOT; };
		9CB2399419B5F41800F3033A /* CoreGraphics.framework */ = {isa = PBXFileReference; lastKnownFileType = wrapper.framework; name = CoreGraphics.framework; path = System/Library/Frameworks/CoreGraphics.framework; sourceTree = SDKROOT; };
		9CB2399619B5F41800F3033A /* UIKit.framework */ = {isa = PBXFileReference; lastKnownFileType = wrapper.framework; name = UIKit.framework; path = System/Library/Frameworks/UIKit.framework; sourceTree = SDKROOT; };
		9CB2399A19B5F41800F3033A /* demowaqme-Info.plist */ = {isa = PBXFileReference; lastKnownFileType = text.plist.xml; path = "demowaqme-Info.plist"; sourceTree = "<group>"; };
		9CB2399C19B5F41800F3033A /* en */ = {isa = PBXFileReference; lastKnownFileType = text.plist.strings; name = en; path = en.lproj/InfoPlist.strings; sourceTree = "<group>"; };
		9CB2399E19B5F41800F3033A /* main.m */ = {isa = PBXFileReference; lastKnownFileType = sourcecode.c.objc; path = main.m; sourceTree = "<group>"; };
		9CB239A019B5F41800F3033A /* demowaqme-Prefix.pch */ = {isa = PBXFileReference; lastKnownFileType = sourcecode.c.h; path = "demowaqme-Prefix.pch"; sourceTree = "<group>"; };
		9CB239A119B5F41800F3033A /* AppDelegate.h */ = {isa = PBXFileReference; lastKnownFileType = sourcecode.c.h; path = AppDelegate.h; sourceTree = "<group>"; };
		9CB239A219B5F41800F3033A /* AppDelegate.m */ = {isa = PBXFileReference; lastKnownFileType = sourcecode.c.objc; path = AppDelegate.m; sourceTree = "<group>"; };
		9CB239A419B5F41800F3033A /* Images.xcassets */ = {isa = PBXFileReference; lastKnownFileType = folder.assetcatalog; path = Images.xcassets; sourceTree = "<group>"; };
		9CB239AA19B5F41800F3033A /* demowaqmeTests.xctest */ = {isa = PBXFileReference; explicitFileType = wrapper.cfbundle; includeInIndex = 0; path = demowaqmeTests.xctest; sourceTree = BUILT_PRODUCTS_DIR; };
		9CB239AB19B5F41800F3033A /* XCTest.framework */ = {isa = PBXFileReference; lastKnownFileType = wrapper.framework; name = XCTest.framework; path = Library/Frameworks/XCTest.framework; sourceTree = DEVELOPER_DIR; };
		9CB239C819B5F78500F3033A /* HomeViewController.h */ = {isa = PBXFileReference; fileEncoding = 4; lastKnownFileType = sourcecode.c.h; path = HomeViewController.h; sourceTree = "<group>"; };
		9CB239C919B5F78500F3033A /* HomeViewController.m */ = {isa = PBXFileReference; fileEncoding = 4; lastKnownFileType = sourcecode.c.objc; path = HomeViewController.m; sourceTree = "<group>"; };
		9CB239CA19B5F78500F3033A /* HomeViewController.xib */ = {isa = PBXFileReference; fileEncoding = 4; lastKnownFileType = file.xib; path = HomeViewController.xib; sourceTree = "<group>"; };
		9CB239D819B6093A00F3033A /* MBProgressHUD.h */ = {isa = PBXFileReference; fileEncoding = 4; lastKnownFileType = sourcecode.c.h; path = MBProgressHUD.h; sourceTree = "<group>"; };
		9CB239D919B6093A00F3033A /* MBProgressHUD.m */ = {isa = PBXFileReference; fileEncoding = 4; lastKnownFileType = sourcecode.c.objc; path = MBProgressHUD.m; sourceTree = "<group>"; };
		9CB239DC19B60BAD00F3033A /* NetworkService.h */ = {isa = PBXFileReference; fileEncoding = 4; lastKnownFileType = sourcecode.c.h; path = NetworkService.h; sourceTree = "<group>"; };
		9CB239DD19B60BAD00F3033A /* NetworkService.m */ = {isa = PBXFileReference; fileEncoding = 4; lastKnownFileType = sourcecode.c.objc; path = NetworkService.m; sourceTree = "<group>"; };
		9CB239DF19B60BBA00F3033A /* Reachability.h */ = {isa = PBXFileReference; fileEncoding = 4; lastKnownFileType = sourcecode.c.h; path = Reachability.h; sourceTree = "<group>"; };
		9CB239E019B60BBA00F3033A /* Reachability.m */ = {isa = PBXFileReference; fileEncoding = 4; lastKnownFileType = sourcecode.c.objc; path = Reachability.m; sourceTree = "<group>"; };
		9CB239E219B6133600F3033A /* bg.png */ = {isa = PBXFileReference; lastKnownFileType = image.png; path = bg.png; sourceTree = "<group>"; };
		9CB6491519B702F300529566 /* AllProtocols.h */ = {isa = PBXFileReference; fileEncoding = 4; lastKnownFileType = sourcecode.c.h; path = AllProtocols.h; sourceTree = "<group>"; };
/* End PBXFileReference section */

/* Begin PBXFrameworksBuildPhase section */
		9CB2398C19B5F41800F3033A /* Frameworks */ = {
			isa = PBXFrameworksBuildPhase;
			buildActionMask = 2147483647;
			files = (
				9CB2399519B5F41800F3033A /* CoreGraphics.framework in Frameworks */,
				9CB2399719B5F41800F3033A /* UIKit.framework in Frameworks */,
				9CB2399319B5F41800F3033A /* Foundation.framework in Frameworks */,
			);
			runOnlyForDeploymentPostprocessing = 0;
		};
		9CB239A719B5F41800F3033A /* Frameworks */ = {
			isa = PBXFrameworksBuildPhase;
			buildActionMask = 2147483647;
			files = (
				9CB239AC19B5F41800F3033A /* XCTest.framework in Frameworks */,
				9CB239AE19B5F41800F3033A /* UIKit.framework in Frameworks */,
				9CB239AD19B5F41800F3033A /* Foundation.framework in Frameworks */,
			);
			runOnlyForDeploymentPostprocessing = 0;
		};
/* End PBXFrameworksBuildPhase section */

/* Begin PBXGroup section */
		9CB2398619B5F41800F3033A = {
			isa = PBXGroup;
			children = (
				9CB2399819B5F41800F3033A /* demowaqme */,
				9CB2399119B5F41800F3033A /* Frameworks */,
				9CB2399019B5F41800F3033A /* Products */,
			);
			sourceTree = "<group>";
		};
		9CB2399019B5F41800F3033A /* Products */ = {
			isa = PBXGroup;
			children = (
				9CB2398F19B5F41800F3033A /* demowaqme.app */,
				9CB239AA19B5F41800F3033A /* demowaqmeTests.xctest */,
			);
			name = Products;
			sourceTree = "<group>";
		};
		9CB2399119B5F41800F3033A /* Frameworks */ = {
			isa = PBXGroup;
			children = (
				9CB2399219B5F41800F3033A /* Foundation.framework */,
				9CB2399419B5F41800F3033A /* CoreGraphics.framework */,
				9CB2399619B5F41800F3033A /* UIKit.framework */,
				9CB239AB19B5F41800F3033A /* XCTest.framework */,
			);
			name = Frameworks;
			sourceTree = "<group>";
		};
		9CB2399819B5F41800F3033A /* demowaqme */ = {
			isa = PBXGroup;
			children = (
				9C8C739519D138BD007482B1 /* Default-568h@2x.png */,
				9C8C739619D138BD007482B1 /* Default-Portrait.png */,
				9C8C739719D138BD007482B1 /* Default.png */,
				9C8C739819D138BD007482B1 /* Default@2x.png */,
				9C74839E19BA378100F18E17 /* Icon-80.png */,
				9C74839C19BA376E00F18E17 /* Icon-60@2x.png */,
				9C74839A19BA376800F18E17 /* Icon-60.png */,
				9C74839619BA35C000F18E17 /* Icon-40.png */,
				9C74838219BA336B00F18E17 /* Icon-76.png */,
				9C74838319BA336B00F18E17 /* Icon-76@2x.png */,
				9C74838419BA336B00F18E17 /* Icon-Small.png */,
				9C74838519BA336B00F18E17 /* Icon-Small@2x.png */,
				9C74838619BA336B00F18E17 /* icon.png */,
				9C74838719BA336B00F18E17 /* icon@2x.png */,
				9CB6491419B702AE00529566 /* AllProtocoles */,
				9CB239DB19B60B8300F3033A /* Network */,
				9CB239D719B608A300F3033A /* Progressbar */,
				9CB239C719B5F75200F3033A /* controllers */,
				9CB239A119B5F41800F3033A /* AppDelegate.h */,
				9CB239A219B5F41800F3033A /* AppDelegate.m */,
				9CB239A419B5F41800F3033A /* Images.xcassets */,
				9CB2399919B5F41800F3033A /* Supporting Files */,
			);
			path = demowaqme;
			sourceTree = "<group>";
		};
		9CB2399919B5F41800F3033A /* Supporting Files */ = {
			isa = PBXGroup;
			children = (
				9CB239E419B6133B00F3033A /* images */,
				9CB2399A19B5F41800F3033A /* demowaqme-Info.plist */,
				9CB2399B19B5F41800F3033A /* InfoPlist.strings */,
				9CB2399E19B5F41800F3033A /* main.m */,
				9CB239A019B5F41800F3033A /* demowaqme-Prefix.pch */,
			);
			name = "Supporting Files";
			sourceTree = "<group>";
		};
		9CB239C719B5F75200F3033A /* controllers */ = {
			isa = PBXGroup;
			children = (
				9CB239C819B5F78500F3033A /* HomeViewController.h */,
				9CB239C919B5F78500F3033A /* HomeViewController.m */,
				9CB239CA19B5F78500F3033A /* HomeViewController.xib */,
			);
			name = controllers;
			sourceTree = "<group>";
		};
		9CB239D719B608A300F3033A /* Progressbar */ = {
			isa = PBXGroup;
			children = (
				9CB239D819B6093A00F3033A /* MBProgressHUD.h */,
				9CB239D919B6093A00F3033A /* MBProgressHUD.m */,
			);
			name = Progressbar;
			sourceTree = "<group>";
		};
		9CB239DB19B60B8300F3033A /* Network */ = {
			isa = PBXGroup;
			children = (
				9CB239DF19B60BBA00F3033A /* Reachability.h */,
				9CB239E019B60BBA00F3033A /* Reachability.m */,
				9CB239DC19B60BAD00F3033A /* NetworkService.h */,
				9CB239DD19B60BAD00F3033A /* NetworkService.m */,
			);
			name = Network;
			sourceTree = "<group>";
		};
		9CB239E419B6133B00F3033A /* images */ = {
			isa = PBXGroup;
			children = (
				9CB239E219B6133600F3033A /* bg.png */,
			);
			name = images;
			sourceTree = "<group>";
		};
		9CB6491419B702AE00529566 /* AllProtocoles */ = {
			isa = PBXGroup;
			children = (
				9CB6491519B702F300529566 /* AllProtocols.h */,
			);
			name = AllProtocoles;
			sourceTree = "<group>";
		};
/* End PBXGroup section */

/* Begin PBXNativeTarget section */
		9CB2398E19B5F41800F3033A /* demowaqme */ = {
			isa = PBXNativeTarget;
			buildConfigurationList = 9CB239BB19B5F41800F3033A /* Build configuration list for PBXNativeTarget "demowaqme" */;
			buildPhases = (
				9CB2398B19B5F41800F3033A /* Sources */,
				9CB2398C19B5F41800F3033A /* Frameworks */,
				9CB2398D19B5F41800F3033A /* Resources */,
			);
			buildRules = (
			);
			dependencies = (
			);
			name = demowaqme;
			productName = demowaqme;
			productReference = 9CB2398F19B5F41800F3033A /* demowaqme.app */;
			productType = "com.apple.product-type.application";
		};
		9CB239A919B5F41800F3033A /* demowaqmeTests */ = {
			isa = PBXNativeTarget;
			buildConfigurationList = 9CB239BE19B5F41800F3033A /* Build configuration list for PBXNativeTarget "demowaqmeTests" */;
			buildPhases = (
				9CB239A619B5F41800F3033A /* Sources */,
				9CB239A719B5F41800F3033A /* Frameworks */,
				9CB239A819B5F41800F3033A /* Resources */,
			);
			buildRules = (
			);
			dependencies = (
				9CB239B019B5F41800F3033A /* PBXTargetDependency */,
			);
			name = demowaqmeTests;
			productName = demowaqmeTests;
			productReference = 9CB239AA19B5F41800F3033A /* demowaqmeTests.xctest */;
			productType = "com.apple.product-type.bundle.unit-test";
		};
/* End PBXNativeTarget section */

/* Begin PBXProject section */
		9CB2398719B5F41800F3033A /* Project object */ = {
			isa = PBXProject;
			attributes = {
				LastUpgradeCheck = 0510;
				ORGANIZATIONNAME = axonshare;
				TargetAttributes = {
					9CB239A919B5F41800F3033A = {
						TestTargetID = 9CB2398E19B5F41800F3033A;
					};
				};
			};
			buildConfigurationList = 9CB2398A19B5F41800F3033A /* Build configuration list for PBXProject "demowaqme" */;
			compatibilityVersion = "Xcode 3.2";
			developmentRegion = English;
			hasScannedForEncodings = 0;
			knownRegions = (
				en,
			);
			mainGroup = 9CB2398619B5F41800F3033A;
			productRefGroup = 9CB2399019B5F41800F3033A /* Products */;
			projectDirPath = "";
			projectRoot = "";
			targets = (
				9CB2398E19B5F41800F3033A /* demowaqme */,
				9CB239A919B5F41800F3033A /* demowaqmeTests */,
			);
		};
/* End PBXProject section */

/* Begin PBXResourcesBuildPhase section */
		9CB2398D19B5F41800F3033A /* Resources */ = {
			isa = PBXResourcesBuildPhase;
			buildActionMask = 2147483647;
			files = (
				9CB239E319B6133600F3033A /* bg.png in Resources */,
				9C74839F19BA378100F18E17 /* Icon-80.png in Resources */,
				9C74838A19BA336B00F18E17 /* Icon-Small.png in Resources */,
				9C74838C19BA336B00F18E17 /* icon.png in Resources */,
				9CB2399D19B5F41800F3033A /* InfoPlist.strings in Resources */,
				9C74838819BA336B00F18E17 /* Icon-76.png in Resources */,
				9CB239A519B5F41800F3033A /* Images.xcassets in Resources */,
				9C8C739B19D138BD007482B1 /* Default.png in Resources */,
				9C74839D19BA376E00F18E17 /* Icon-60@2x.png in Resources */,
				9C8C739919D138BD007482B1 /* Default-568h@2x.png in Resources */,
				9C74839B19BA376800F18E17 /* Icon-60.png in Resources */,
				9C74838B19BA336B00F18E17 /* Icon-Small@2x.png in Resources */,
				9C8C739C19D138BD007482B1 /* Default@2x.png in Resources */,
				9C74838919BA336B00F18E17 /* Icon-76@2x.png in Resources */,
				9CB239CC19B5F78500F3033A /* HomeViewController.xib in Resources */,
				9C74838D19BA336B00F18E17 /* icon@2x.png in Resources */,
				9C8C739A19D138BD007482B1 /* Default-Portrait.png in Resources */,
				9C74839719BA35C000F18E17 /* Icon-40.png in Resources */,
			);
			runOnlyForDeploymentPostprocessing = 0;
		};
		9CB239A819B5F41800F3033A /* Resources */ = {
			isa = PBXResourcesBuildPhase;
			buildActionMask = 2147483647;
			files = (
			);
			runOnlyForDeploymentPostprocessing = 0;
		};
/* End PBXResourcesBuildPhase section */

/* Begin PBXSourcesBuildPhase section */
		9CB2398B19B5F41800F3033A /* Sources */ = {
			isa = PBXSourcesBuildPhase;
			buildActionMask = 2147483647;
			files = (
				9CB239A319B5F41800F3033A /* AppDelegate.m in Sources */,
				9CB2399F19B5F41800F3033A /* main.m in Sources */,
				9CB239CB19B5F78500F3033A /* HomeViewController.m in Sources */,
				9CB239DA19B6093A00F3033A /* MBProgressHUD.m in Sources */,
				9CB239E119B60BBA00F3033A /* Reachability.m in Sources */,
				9CB239DE19B60BAD00F3033A /* NetworkService.m in Sources */,
			);
			runOnlyForDeploymentPostprocessing = 0;
		};
		9CB239A619B5F41800F3033A /* Sources */ = {
			isa = PBXSourcesBuildPhase;
			buildActionMask = 2147483647;
			files = (
			);
			runOnlyForDeploymentPostprocessing = 0;
		};
/* End PBXSourcesBuildPhase section */

/* Begin PBXTargetDependency section */
		9CB239B019B5F41800F3033A /* PBXTargetDependency */ = {
			isa = PBXTargetDependency;
			target = 9CB2398E19B5F41800F3033A /* demowaqme */;
			targetProxy = 9CB239AF19B5F41800F3033A /* PBXContainerItemProxy */;
		};
/* End PBXTargetDependency section */

/* Begin PBXVariantGroup section */
		9CB2399B19B5F41800F3033A /* InfoPlist.strings */ = {
			isa = PBXVariantGroup;
			children = (
				9CB2399C19B5F41800F3033A /* en */,
			);
			name = InfoPlist.strings;
			sourceTree = "<group>";
		};
/* End PBXVariantGroup section */

/* Begin XCBuildConfiguration section */
		9CB239B919B5F41800F3033A /* Debug */ = {
			isa = XCBuildConfiguration;
			buildSettings = {
				ALWAYS_SEARCH_USER_PATHS = NO;
				CLANG_CXX_LANGUAGE_STANDARD = "gnu++0x";
				CLANG_CXX_LIBRARY = "libc++";
				CLANG_ENABLE_MODULES = YES;
				CLANG_ENABLE_OBJC_ARC = YES;
				CLANG_WARN_BOOL_CONVERSION = YES;
				CLANG_WARN_CONSTANT_CONVERSION = YES;
				CLANG_WARN_DIRECT_OBJC_ISA_USAGE = YES_ERROR;
				CLANG_WARN_EMPTY_BODY = YES;
				CLANG_WARN_ENUM_CONVERSION = YES;
				CLANG_WARN_INT_CONVERSION = YES;
				CLANG_WARN_OBJC_ROOT_CLASS = YES_ERROR;
				CLANG_WARN__DUPLICATE_METHOD_MATCH = YES;
				"CODE_SIGN_IDENTITY[sdk=iphoneos*]" = "iPhone Developer: Bilal nasir (D2UZ6TS77T)";
				COPY_PHASE_STRIP = NO;
				GCC_C_LANGUAGE_STANDARD = gnu99;
				GCC_DYNAMIC_NO_PIC = NO;
				GCC_OPTIMIZATION_LEVEL = 0;
				GCC_PREPROCESSOR_DEFINITIONS = (
					"DEBUG=1",
					"$(inherited)",
				);
				GCC_SYMBOLS_PRIVATE_EXTERN = NO;
				GCC_WARN_64_TO_32_BIT_CONVERSION = YES;
				GCC_WARN_ABOUT_RETURN_TYPE = YES_ERROR;
				GCC_WARN_UNDECLARED_SELECTOR = YES;
				GCC_WARN_UNINITIALIZED_AUTOS = YES_AGGRESSIVE;
				GCC_WARN_UNUSED_FUNCTION = YES;
				GCC_WARN_UNUSED_VARIABLE = YES;
				IPHONEOS_DEPLOYMENT_TARGET = 7.1;
				ONLY_ACTIVE_ARCH = YES;
				SDKROOT = iphoneos;
			};
			name = Debug;
		};
		9CB239BA19B5F41800F3033A /* Release */ = {
			isa = XCBuildConfiguration;
			buildSettings = {
				ALWAYS_SEARCH_USER_PATHS = NO;
				CLANG_CXX_LANGUAGE_STANDARD = "gnu++0x";
				CLANG_CXX_LIBRARY = "libc++";
				CLANG_ENABLE_MODULES = YES;
				CLANG_ENABLE_OBJC_ARC = YES;
				CLANG_WARN_BOOL_CONVERSION = YES;
				CLANG_WARN_CONSTANT_CONVERSION = YES;
				CLANG_WARN_DIRECT_OBJC_ISA_USAGE = YES_ERROR;
				CLANG_WARN_EMPTY_BODY = YES;
				CLANG_WARN_ENUM_CONVERSION = YES;
				CLANG_WARN_INT_CONVERSION = YES;
				CLANG_WARN_OBJC_ROOT_CLASS = YES_ERROR;
				CLANG_WARN__DUPLICATE_METHOD_MATCH = YES;
				"CODE_SIGN_IDENTITY[sdk=iphoneos*]" = "iPhone Developer";
				COPY_PHASE_STRIP = YES;
				ENABLE_NS_ASSERTIONS = NO;
				GCC_C_LANGUAGE_STANDARD = gnu99;
				GCC_WARN_64_TO_32_BIT_CONVERSION = YES;
				GCC_WARN_ABOUT_RETURN_TYPE = YES_ERROR;
				GCC_WARN_UNDECLARED_SELECTOR = YES;
				GCC_WARN_UNINITIALIZED_AUTOS = YES_AGGRESSIVE;
				GCC_WARN_UNUSED_FUNCTION = YES;
				GCC_WARN_UNUSED_VARIABLE = YES;
				IPHONEOS_DEPLOYMENT_TARGET = 7.1;
				SDKROOT = iphoneos;
				VALIDATE_PRODUCT = YES;
			};
			name = Release;
		};
		9CB239BC19B5F41800F3033A /* Debug */ = {
			isa = XCBuildConfiguration;
			buildSettings = {
				ASSETCATALOG_COMPILER_APPICON_NAME = AppIcon;
				ASSETCATALOG_COMPILER_LAUNCHIMAGE_NAME = LaunchImage;
				CODE_SIGN_IDENTITY = "";
				"CODE_SIGN_IDENTITY[sdk=iphoneos*]" = "";
				GCC_PRECOMPILE_PREFIX_HEADER = YES;
				GCC_PREFIX_HEADER = "demowaqme/demowaqme-Prefix.pch";
				INFOPLIST_FILE = "demowaqme/demowaqme-Info.plist";
				IPHONEOS_DEPLOYMENT_TARGET = 6.0;
				PRODUCT_NAME = "$(TARGET_NAME)";
				PROVISIONING_PROFILE = "";
				TARGETED_DEVICE_FAMILY = 1;
				WRAPPER_EXTENSION = app;
			};
			name = Debug;
		};
		9CB239BD19B5F41800F3033A /* Release */ = {
			isa = XCBuildConfiguration;
			buildSettings = {
				ASSETCATALOG_COMPILER_APPICON_NAME = AppIcon;
				ASSETCATALOG_COMPILER_LAUNCHIMAGE_NAME = LaunchImage;
				CODE_SIGN_IDENTITY = "";
				"CODE_SIGN_IDENTITY[sdk=iphoneos*]" = "";
				GCC_PRECOMPILE_PREFIX_HEADER = YES;
				GCC_PREFIX_HEADER = "demowaqme/demowaqme-Prefix.pch";
				INFOPLIST_FILE = "demowaqme/demowaqme-Info.plist";
				IPHONEOS_DEPLOYMENT_TARGET = 6.0;
				PRODUCT_NAME = "$(TARGET_NAME)";
				PROVISIONING_PROFILE = "";
				TARGETED_DEVICE_FAMILY = 1;
				WRAPPER_EXTENSION = app;
			};
			name = Release;
		};
		9CB239BF19B5F41800F3033A /* Debug */ = {
			isa = XCBuildConfiguration;
			buildSettings = {
				BUNDLE_LOADER = "$(BUILT_PRODUCTS_DIR)/demowaqme.app/demowaqme";
				FRAMEWORK_SEARCH_PATHS = (
					"$(SDKROOT)/Developer/Library/Frameworks",
					"$(inherited)",
					"$(DEVELOPER_FRAMEWORKS_DIR)",
				);
				GCC_PRECOMPILE_PREFIX_HEADER = YES;
				GCC_PREFIX_HEADER = "demowaqme/demowaqme-Prefix.pch";
				GCC_PREPROCESSOR_DEFINITIONS = (
					"DEBUG=1",
					"$(inherited)",
				);
				INFOPLIST_FILE = "demowaqmeTests/demowaqmeTests-Info.plist";
				PRODUCT_NAME = "$(TARGET_NAME)";
				TEST_HOST = "$(BUNDLE_LOADER)";
				WRAPPER_EXTENSION = xctest;
			};
			name = Debug;
		};
		9CB239C019B5F41800F3033A /* Release */ = {
			isa = XCBuildConfiguration;
			buildSettings = {
				BUNDLE_LOADER = "$(BUILT_PRODUCTS_DIR)/demowaqme.app/demowaqme";
				FRAMEWORK_SEARCH_PATHS = (
					"$(SDKROOT)/Developer/Library/Frameworks",
					"$(inherited)",
					"$(DEVELOPER_FRAMEWORKS_DIR)",
				);
				GCC_PRECOMPILE_PREFIX_HEADER = YES;
				GCC_PREFIX_HEADER = "demowaqme/demowaqme-Prefix.pch";
				INFOPLIST_FILE = "demowaqmeTests/demowaqmeTests-Info.plist";
				PRODUCT_NAME = "$(TARGET_NAME)";
				TEST_HOST = "$(BUNDLE_LOADER)";
				WRAPPER_EXTENSION = xctest;
			};
			name = Release;
		};
/* End XCBuildConfiguration section */

/* Begin XCConfigurationList section */
		9CB2398A19B5F41800F3033A /* Build configuration list for PBXProject "demowaqme" */ = {
			isa = XCConfigurationList;
			buildConfigurations = (
				9CB239B919B5F41800F3033A /* Debug */,
				9CB239BA19B5F41800F3033A /* Release */,
			);
			defaultConfigurationIsVisible = 0;
			defaultConfigurationName = Release;
		};
		9CB239BB19B5F41800F3033A /* Build configuration list for PBXNativeTarget "demowaqme" */ = {
			isa = XCConfigurationList;
			buildConfigurations = (
				9CB239BC19B5F41800F3033A /* Debug */,
				9CB239BD19B5F41800F3033A /* Release */,
			);
			defaultConfigurationIsVisible = 0;
			defaultConfigurationName = Release;
		};
		9CB239BE19B5F41800F3033A /* Build configuration list for PBXNativeTarget "demowaqmeTests" */ = {
			isa = XCConfigurationList;
			buildConfigurations = (
				9CB239BF19B5F41800F3033A /* Debug */,
				9CB239C019B5F41800F3033A /* Release */,
			);
			defaultConfigurationIsVisible = 0;
			defaultConfigurationName = Release;
		};
/* End XCConfigurationList section */
	};
	rootObject = 9CB2398719B5F41800F3033A /* Project object */;
}
